// !$*UTF8*$!
{
	archiveVersion = 1;
	classes = {
	};
	objectVersion = 56;
	objects = {

/* Begin PBXBuildFile section */
		344C56832ADEBC5E0042DCFB /* PromptPalsApp.swift in Sources */ = {isa = PBXBuildFile; fileRef = 344C56822ADEBC5E0042DCFB /* PromptPalsApp.swift */; };
		344C56852ADEBC5E0042DCFB /* ContentView.swift in Sources */ = {isa = PBXBuildFile; fileRef = 344C56842ADEBC5E0042DCFB /* ContentView.swift */; };
		344C56872ADEBC610042DCFB /* Assets.xcassets in Resources */ = {isa = PBXBuildFile; fileRef = 344C56862ADEBC610042DCFB /* Assets.xcassets */; };
		344C568A2ADEBC610042DCFB /* Preview Assets.xcassets in Resources */ = {isa = PBXBuildFile; fileRef = 344C56892ADEBC610042DCFB /* Preview Assets.xcassets */; };
		344C56912ADEBC890042DCFB /* API.swift in Sources */ = {isa = PBXBuildFile; fileRef = 344C56902ADEBC890042DCFB /* API.swift */; };
		344C56932ADEBD370042DCFB /* MessageOwner.swift in Sources */ = {isa = PBXBuildFile; fileRef = 344C56922ADEBD370042DCFB /* MessageOwner.swift */; };
		344C56962ADEBECF0042DCFB /* ChatGPTSwift in Frameworks */ = {isa = PBXBuildFile; productRef = 344C56952ADEBECF0042DCFB /* ChatGPTSwift */; };
		344C56982ADEBEE70042DCFB /* ChatMessage.swift in Sources */ = {isa = PBXBuildFile; fileRef = 344C56972ADEBEE70042DCFB /* ChatMessage.swift */; };
		344C569A2ADEBF780042DCFB /* ContentViewModel.swift in Sources */ = {isa = PBXBuildFile; fileRef = 344C56992ADEBF780042DCFB /* ContentViewModel.swift */; };
/* End PBXBuildFile section */

/* Begin PBXFileReference section */
		344C567F2ADEBC5E0042DCFB /* PromptPals.app */ = {isa = PBXFileReference; explicitFileType = wrapper.application; includeInIndex = 0; path = PromptPals.app; sourceTree = BUILT_PRODUCTS_DIR; };
		344C56822ADEBC5E0042DCFB /* PromptPalsApp.swift */ = {isa = PBXFileReference; lastKnownFileType = sourcecode.swift; path = PromptPalsApp.swift; sourceTree = "<group>"; };
		344C56842ADEBC5E0042DCFB /* ContentView.swift */ = {isa = PBXFileReference; lastKnownFileType = sourcecode.swift; path = ContentView.swift; sourceTree = "<group>"; };
		344C56862ADEBC610042DCFB /* Assets.xcassets */ = {isa = PBXFileReference; lastKnownFileType = folder.assetcatalog; path = Assets.xcassets; sourceTree = "<group>"; };
		344C56892ADEBC610042DCFB /* Preview Assets.xcassets */ = {isa = PBXFileReference; lastKnownFileType = folder.assetcatalog; path = "Preview Assets.xcassets"; sourceTree = "<group>"; };
		344C56902ADEBC890042DCFB /* API.swift */ = {isa = PBXFileReference; lastKnownFileType = sourcecode.swift; path = API.swift; sourceTree = "<group>"; };
		344C56922ADEBD370042DCFB /* MessageOwner.swift */ = {isa = PBXFileReference; lastKnownFileType = sourcecode.swift; path = MessageOwner.swift; sourceTree = "<group>"; };
		344C56972ADEBEE70042DCFB /* ChatMessage.swift */ = {isa = PBXFileReference; lastKnownFileType = sourcecode.swift; path = ChatMessage.swift; sourceTree = "<group>"; };
		344C56992ADEBF780042DCFB /* ContentViewModel.swift */ = {isa = PBXFileReference; lastKnownFileType = sourcecode.swift; path = ContentViewModel.swift; sourceTree = "<group>"; };
/* End PBXFileReference section */

/* Begin PBXFrameworksBuildPhase section */
		344C567C2ADEBC5E0042DCFB /* Frameworks */ = {
			isa = PBXFrameworksBuildPhase;
			buildActionMask = 2147483647;
			files = (
				344C56962ADEBECF0042DCFB /* ChatGPTSwift in Frameworks */,
			);
			runOnlyForDeploymentPostprocessing = 0;
		};
/* End PBXFrameworksBuildPhase section */

/* Begin PBXGroup section */
		344C56762ADEBC5E0042DCFB = {
			isa = PBXGroup;
			children = (
				344C56812ADEBC5E0042DCFB /* PromptPals */,
				344C56802ADEBC5E0042DCFB /* Products */,
			);
			sourceTree = "<group>";
		};
		344C56802ADEBC5E0042DCFB /* Products */ = {
			isa = PBXGroup;
			children = (
				344C567F2ADEBC5E0042DCFB /* PromptPals.app */,
			);
			name = Products;
			sourceTree = "<group>";
		};
		344C56812ADEBC5E0042DCFB /* PromptPals */ = {
			isa = PBXGroup;
			children = (
				344C56822ADEBC5E0042DCFB /* PromptPalsApp.swift */,
				344C56842ADEBC5E0042DCFB /* ContentView.swift */,
				344C56862ADEBC610042DCFB /* Assets.xcassets */,
				344C56882ADEBC610042DCFB /* Preview Content */,
				344C56902ADEBC890042DCFB /* API.swift */,
				344C56922ADEBD370042DCFB /* MessageOwner.swift */,
				344C56972ADEBEE70042DCFB /* ChatMessage.swift */,
				344C56992ADEBF780042DCFB /* ContentViewModel.swift */,
			);
			path = PromptPals;
			sourceTree = "<group>";
		};
		344C56882ADEBC610042DCFB /* Preview Content */ = {
			isa = PBXGroup;
			children = (
				344C56892ADEBC610042DCFB /* Preview Assets.xcassets */,
			);
			path = "Preview Content";
			sourceTree = "<group>";
		};
/* End PBXGroup section */

/* Begin PBXNativeTarget section */
		344C567E2ADEBC5E0042DCFB /* PromptPals */ = {
			isa = PBXNativeTarget;
			buildConfigurationList = 344C568D2ADEBC610042DCFB /* Build configuration list for PBXNativeTarget "PromptPals" */;
			buildPhases = (
				344C567B2ADEBC5E0042DCFB /* Sources */,
				344C567C2ADEBC5E0042DCFB /* Frameworks */,
				344C567D2ADEBC5E0042DCFB /* Resources */,
			);
			buildRules = (
			);
			dependencies = (
			);
			name = PromptPals;
			packageProductDependencies = (
				344C56952ADEBECF0042DCFB /* ChatGPTSwift */,
			);
			productName = PromptPals;
			productReference = 344C567F2ADEBC5E0042DCFB /* PromptPals.app */;
			productType = "com.apple.product-type.application";
		};
/* End PBXNativeTarget section */

/* Begin PBXProject section */
		344C56772ADEBC5E0042DCFB /* Project object */ = {
			isa = PBXProject;
			attributes = {
				BuildIndependentTargetsInParallel = 1;
				LastSwiftUpdateCheck = 1500;
				LastUpgradeCheck = 1500;
				TargetAttributes = {
					344C567E2ADEBC5E0042DCFB = {
						CreatedOnToolsVersion = 15.0;
					};
				};
			};
			buildConfigurationList = 344C567A2ADEBC5E0042DCFB /* Build configuration list for PBXProject "PromptPals" */;
			compatibilityVersion = "Xcode 14.0";
			developmentRegion = en;
			hasScannedForEncodings = 0;
			knownRegions = (
				en,
				Base,
			);
			mainGroup = 344C56762ADEBC5E0042DCFB;
			packageReferences = (
				344C56942ADEBECE0042DCFB /* XCRemoteSwiftPackageReference "ChatGPTSwift" */,
			);
			productRefGroup = 344C56802ADEBC5E0042DCFB /* Products */;
			projectDirPath = "";
			projectRoot = "";
			targets = (
				344C567E2ADEBC5E0042DCFB /* PromptPals */,
			);
		};
/* End PBXProject section */

/* Begin PBXResourcesBuildPhase section */
		344C567D2ADEBC5E0042DCFB /* Resources */ = {
			isa = PBXResourcesBuildPhase;
			buildActionMask = 2147483647;
			files = (
				344C568A2ADEBC610042DCFB /* Preview Assets.xcassets in Resources */,
				344C56872ADEBC610042DCFB /* Assets.xcassets in Resources */,
			);
			runOnlyForDeploymentPostprocessing = 0;
		};
/* End PBXResourcesBuildPhase section */

/* Begin PBXSourcesBuildPhase section */
		344C567B2ADEBC5E0042DCFB /* Sources */ = {
			isa = PBXSourcesBuildPhase;
			buildActionMask = 2147483647;
			files = (
				344C56852ADEBC5E0042DCFB /* ContentView.swift in Sources */,
				344C56932ADEBD370042DCFB /* MessageOwner.swift in Sources */,
				344C569A2ADEBF780042DCFB /* ContentViewModel.swift in Sources */,
				344C56912ADEBC890042DCFB /* API.swift in Sources */,
				344C56982ADEBEE70042DCFB /* ChatMessage.swift in Sources */,
				344C56832ADEBC5E0042DCFB /* PromptPalsApp.swift in Sources */,
			);
			runOnlyForDeploymentPostprocessing = 0;
		};
/* End PBXSourcesBuildPhase section */

/* Begin XCBuildConfiguration section */
		344C568B2ADEBC610042DCFB /* Debug */ = {
			isa = XCBuildConfiguration;
			buildSettings = {
				ALWAYS_SEARCH_USER_PATHS = NO;
				ASSETCATALOG_COMPILER_GENERATE_SWIFT_ASSET_SYMBOL_EXTENSIONS = YES;
				CLANG_ANALYZER_NONNULL = YES;
				CLANG_ANALYZER_NUMBER_OBJECT_CONVERSION = YES_AGGRESSIVE;
				CLANG_CXX_LANGUAGE_STANDARD = "gnu++20";
				CLANG_ENABLE_MODULES = YES;
				CLANG_ENABLE_OBJC_ARC = YES;
				CLANG_ENABLE_OBJC_WEAK = YES;
				CLANG_WARN_BLOCK_CAPTURE_AUTORELEASING = YES;
				CLANG_WARN_BOOL_CONVERSION = YES;
				CLANG_WARN_COMMA = YES;
				CLANG_WARN_CONSTANT_CONVERSION = YES;
				CLANG_WARN_DEPRECATED_OBJC_IMPLEMENTATIONS = YES;
				CLANG_WARN_DIRECT_OBJC_ISA_USAGE = YES_ERROR;
				CLANG_WARN_DOCUMENTATION_COMMENTS = YES;
				CLANG_WARN_EMPTY_BODY = YES;
				CLANG_WARN_ENUM_CONVERSION = YES;
				CLANG_WARN_INFINITE_RECURSION = YES;
				CLANG_WARN_INT_CONVERSION = YES;
				CLANG_WARN_NON_LITERAL_NULL_CONVERSION = YES;
				CLANG_WARN_OBJC_IMPLICIT_RETAIN_SELF = YES;
				CLANG_WARN_OBJC_LITERAL_CONVERSION = YES;
				CLANG_WARN_OBJC_ROOT_CLASS = YES_ERROR;
				CLANG_WARN_QUOTED_INCLUDE_IN_FRAMEWORK_HEADER = YES;
				CLANG_WARN_RANGE_LOOP_ANALYSIS = YES;
				CLANG_WARN_STRICT_PROTOTYPES = YES;
				CLANG_WARN_SUSPICIOUS_MOVE = YES;
				CLANG_WARN_UNGUARDED_AVAILABILITY = YES_AGGRESSIVE;
				CLANG_WARN_UNREACHABLE_CODE = YES;
				CLANG_WARN__DUPLICATE_METHOD_MATCH = YES;
				COPY_PHASE_STRIP = NO;
				DEBUG_INFORMATION_FORMAT = dwarf;
				ENABLE_STRICT_OBJC_MSGSEND = YES;
				ENABLE_TESTABILITY = YES;
				ENABLE_USER_SCRIPT_SANDBOXING = YES;
				GCC_C_LANGUAGE_STANDARD = gnu17;
				GCC_DYNAMIC_NO_PIC = NO;
				GCC_NO_COMMON_BLOCKS = YES;
				GCC_OPTIMIZATION_LEVEL = 0;
				GCC_PREPROCESSOR_DEFINITIONS = (
					"DEBUG=1",
					"$(inherited)",
				);
				GCC_WARN_64_TO_32_BIT_CONVERSION = YES;
				GCC_WARN_ABOUT_RETURN_TYPE = YES_ERROR;
				GCC_WARN_UNDECLARED_SELECTOR = YES;
				GCC_WARN_UNINITIALIZED_AUTOS = YES_AGGRESSIVE;
				GCC_WARN_UNUSED_FUNCTION = YES;
				GCC_WARN_UNUSED_VARIABLE = YES;
				IPHONEOS_DEPLOYMENT_TARGET = 17.0;
				LOCALIZATION_PREFERS_STRING_CATALOGS = YES;
				MTL_ENABLE_DEBUG_INFO = INCLUDE_SOURCE;
				MTL_FAST_MATH = YES;
				ONLY_ACTIVE_ARCH = YES;
				SDKROOT = iphoneos;
				SWIFT_ACTIVE_COMPILATION_CONDITIONS = "DEBUG $(inherited)";
				SWIFT_OPTIMIZATION_LEVEL = "-Onone";
			};
			name = Debug;
		};
		344C568C2ADEBC610042DCFB /* Release */ = {
			isa = XCBuildConfiguration;
			buildSettings = {
				ALWAYS_SEARCH_USER_PATHS = NO;
				ASSETCATALOG_COMPILER_GENERATE_SWIFT_ASSET_SYMBOL_EXTENSIONS = YES;
				CLANG_ANALYZER_NONNULL = YES;
				CLANG_ANALYZER_NUMBER_OBJECT_CONVERSION = YES_AGGRESSIVE;
				CLANG_CXX_LANGUAGE_STANDARD = "gnu++20";
				CLANG_ENABLE_MODULES = YES;
				CLANG_ENABLE_OBJC_ARC = YES;
				CLANG_ENABLE_OBJC_WEAK = YES;
				CLANG_WARN_BLOCK_CAPTURE_AUTORELEASING = YES;
				CLANG_WARN_BOOL_CONVERSION = YES;
				CLANG_WARN_COMMA = YES;
				CLANG_WARN_CONSTANT_CONVERSION = YES;
				CLANG_WARN_DEPRECATED_OBJC_IMPLEMENTATIONS = YES;
				CLANG_WARN_DIRECT_OBJC_ISA_USAGE = YES_ERROR;
				CLANG_WARN_DOCUMENTATION_COMMENTS = YES;
				CLANG_WARN_EMPTY_BODY = YES;
				CLANG_WARN_ENUM_CONVERSION = YES;
				CLANG_WARN_INFINITE_RECURSION = YES;
				CLANG_WARN_INT_CONVERSION = YES;
				CLANG_WARN_NON_LITERAL_NULL_CONVERSION = YES;
				CLANG_WARN_OBJC_IMPLICIT_RETAIN_SELF = YES;
				CLANG_WARN_OBJC_LITERAL_CONVERSION = YES;
				CLANG_WARN_OBJC_ROOT_CLASS = YES_ERROR;
				CLANG_WARN_QUOTED_INCLUDE_IN_FRAMEWORK_HEADER = YES;
				CLANG_WARN_RANGE_LOOP_ANALYSIS = YES;
				CLANG_WARN_STRICT_PROTOTYPES = YES;
				CLANG_WARN_SUSPICIOUS_MOVE = YES;
				CLANG_WARN_UNGUARDED_AVAILABILITY = YES_AGGRESSIVE;
				CLANG_WARN_UNREACHABLE_CODE = YES;
				CLANG_WARN__DUPLICATE_METHOD_MATCH = YES;
				COPY_PHASE_STRIP = NO;
				DEBUG_INFORMATION_FORMAT = "dwarf-with-dsym";
				ENABLE_NS_ASSERTIONS = NO;
				ENABLE_STRICT_OBJC_MSGSEND = YES;
				ENABLE_USER_SCRIPT_SANDBOXING = YES;
				GCC_C_LANGUAGE_STANDARD = gnu17;
				GCC_NO_COMMON_BLOCKS = YES;
				GCC_WARN_64_TO_32_BIT_CONVERSION = YES;
				GCC_WARN_ABOUT_RETURN_TYPE = YES_ERROR;
				GCC_WARN_UNDECLARED_SELECTOR = YES;
				GCC_WARN_UNINITIALIZED_AUTOS = YES_AGGRESSIVE;
				GCC_WARN_UNUSED_FUNCTION = YES;
				GCC_WARN_UNUSED_VARIABLE = YES;
				IPHONEOS_DEPLOYMENT_TARGET = 17.0;
				LOCALIZATION_PREFERS_STRING_CATALOGS = YES;
				MTL_ENABLE_DEBUG_INFO = NO;
				MTL_FAST_MATH = YES;
				SDKROOT = iphoneos;
				SWIFT_COMPILATION_MODE = wholemodule;
				VALIDATE_PRODUCT = YES;
			};
			name = Release;
		};
		344C568E2ADEBC610042DCFB /* Debug */ = {
			isa = XCBuildConfiguration;
			buildSettings = {
				ASSETCATALOG_COMPILER_APPICON_NAME = AppIcon;
				ASSETCATALOG_COMPILER_GLOBAL_ACCENT_COLOR_NAME = AccentColor;
				CODE_SIGN_STYLE = Automatic;
				CURRENT_PROJECT_VERSION = 1;
				DEVELOPMENT_ASSET_PATHS = "\"PromptPals/Preview Content\"";
				ENABLE_PREVIEWS = YES;
				GENERATE_INFOPLIST_FILE = YES;
				INFOPLIST_KEY_UIApplicationSceneManifest_Generation = YES;
				INFOPLIST_KEY_UIApplicationSupportsIndirectInputEvents = YES;
				INFOPLIST_KEY_UILaunchScreen_Generation = YES;
				INFOPLIST_KEY_UISupportedInterfaceOrientations_iPad = "UIInterfaceOrientationPortrait UIInterfaceOrientationPortraitUpsideDown UIInterfaceOrientationLandscapeLeft UIInterfaceOrientationLandscapeRight";
				INFOPLIST_KEY_UISupportedInterfaceOrientations_iPhone = "UIInterfaceOrientationPortrait UIInterfaceOrientationLandscapeLeft UIInterfaceOrientationLandscapeRight";
				LD_RUNPATH_SEARCH_PATHS = (
					"$(inherited)",
					"@executable_path/Frameworks",
				);
				MARKETING_VERSION = 1.0;
				PRODUCT_BUNDLE_IDENTIFIER = AppleDesignLab.PromptPals;
				PRODUCT_NAME = "$(TARGET_NAME)";
				SWIFT_EMIT_LOC_STRINGS = YES;
				SWIFT_VERSION = 5.0;
				TARGETED_DEVICE_FAMILY = "1,2";
			};
			name = Debug;
		};
		344C568F2ADEBC610042DCFB /* Release */ = {
			isa = XCBuildConfiguration;
			buildSettings = {
				ASSETCATALOG_COMPILER_APPICON_NAME = AppIcon;
				ASSETCATALOG_COMPILER_GLOBAL_ACCENT_COLOR_NAME = AccentColor;
				CODE_SIGN_STYLE = Automatic;
				CURRENT_PROJECT_VERSION = 1;
				DEVELOPMENT_ASSET_PATHS = "\"PromptPals/Preview Content\"";
				ENABLE_PREVIEWS = YES;
				GENERATE_INFOPLIST_FILE = YES;
				INFOPLIST_KEY_UIApplicationSceneManifest_Generation = YES;
				INFOPLIST_KEY_UIApplicationSupportsIndirectInputEvents = YES;
				INFOPLIST_KEY_UILaunchScreen_Generation = YES;
				INFOPLIST_KEY_UISupportedInterfaceOrientations_iPad = "UIInterfaceOrientationPortrait UIInterfaceOrientationPortraitUpsideDown UIInterfaceOrientationLandscapeLeft UIInterfaceOrientationLandscapeRight";
				INFOPLIST_KEY_UISupportedInterfaceOrientations_iPhone = "UIInterfaceOrientationPortrait UIInterfaceOrientationLandscapeLeft UIInterfaceOrientationLandscapeRight";
				LD_RUNPATH_SEARCH_PATHS = (
					"$(inherited)",
					"@executable_path/Frameworks",
				);
				MARKETING_VERSION = 1.0;
				PRODUCT_BUNDLE_IDENTIFIER = AppleDesignLab.PromptPals;
				PRODUCT_NAME = "$(TARGET_NAME)";
				SWIFT_EMIT_LOC_STRINGS = YES;
				SWIFT_VERSION = 5.0;
				TARGETED_DEVICE_FAMILY = "1,2";
			};
			name = Release;
		};
/* End XCBuildConfiguration section */

/* Begin XCConfigurationList section */
		344C567A2ADEBC5E0042DCFB /* Build configuration list for PBXProject "PromptPals" */ = {
			isa = XCConfigurationList;
			buildConfigurations = (
				344C568B2ADEBC610042DCFB /* Debug */,
				344C568C2ADEBC610042DCFB /* Release */,
			);
			defaultConfigurationIsVisible = 0;
			defaultConfigurationName = Release;
		};
		344C568D2ADEBC610042DCFB /* Build configuration list for PBXNativeTarget "PromptPals" */ = {
			isa = XCConfigurationList;
			buildConfigurations = (
				344C568E2ADEBC610042DCFB /* Debug */,
				344C568F2ADEBC610042DCFB /* Release */,
			);
			defaultConfigurationIsVisible = 0;
			defaultConfigurationName = Release;
		};
/* End XCConfigurationList section */

/* Begin XCRemoteSwiftPackageReference section */
		344C56942ADEBECE0042DCFB /* XCRemoteSwiftPackageReference "ChatGPTSwift" */ = {
			isa = XCRemoteSwiftPackageReference;
			repositoryURL = "https://github.com/alfianlosari/ChatGPTSwift.git";
			requirement = {
				kind = upToNextMajorVersion;
				minimumVersion = 1.4.0;
			};
		};
/* End XCRemoteSwiftPackageReference section */

/* Begin XCSwiftPackageProductDependency section */
		344C56952ADEBECF0042DCFB /* ChatGPTSwift */ = {
			isa = XCSwiftPackageProductDependency;
			package = 344C56942ADEBECE0042DCFB /* XCRemoteSwiftPackageReference "ChatGPTSwift" */;
			productName = ChatGPTSwift;
		};
/* End XCSwiftPackageProductDependency section */
	};
	rootObject = 344C56772ADEBC5E0042DCFB /* Project object */;
}
